speakeasyVersion: 1.522.0
sources:
    clerk-backend-api-OAS:
        sourceNamespace: clerk-openapi
        sourceRevisionDigest: sha256:8a24c1d6ce0e33a99c646e6f53bbe8603fde87680308a9fff9840fce25f44276
        sourceBlobDigest: sha256:65ff654fae9c0e5b09b29ab9388f006024a09c4189d0ca1289811224214d81fc
        tags:
            - latest
            - speakeasy-sdk-regen-1741635900
            - "2024-10-01"
targets:
    clerk-backend-api:
        source: clerk-backend-api-OAS
        sourceNamespace: clerk-openapi
        sourceRevisionDigest: sha256:8a24c1d6ce0e33a99c646e6f53bbe8603fde87680308a9fff9840fce25f44276
        sourceBlobDigest: sha256:65ff654fae9c0e5b09b29ab9388f006024a09c4189d0ca1289811224214d81fc
        codeSamplesNamespace: clerk-backend-api-oas-csharp-code-samples
        codeSamplesRevisionDigest: sha256:67ba6217feb54419af05961444741e55078b62d83149b6d9acb72824a715db66
workflow:
    workflowVersion: 1.0.0
    speakeasyVersion: latest
    sources:
        clerk-backend-api-OAS:
            inputs:
                - location: https://raw.githubusercontent.com/clerk/openapi-specs/refs/heads/main/bapi/2024-10-01.yml
            overlays:
                - location: ./examples.yaml
                - location: https://raw.githubusercontent.com/clerk/openapi-specs/refs/heads/main/.speakeasy/bapi/fixes.yml
            registry:
                location: registry.speakeasyapi.dev/clerk/clerk/clerk-openapi
    targets:
        clerk-backend-api:
            target: csharp
            source: clerk-backend-api-OAS
            publish:
                nuget:
                    apiKey: $nuget_api_key
            codeSamples:
                registry:
                    location: registry.speakeasyapi.dev/clerk/clerk/clerk-backend-api-oas-csharp-code-samples
                blocking: false
