speakeasyVersion: 1.453.10
sources:
    clerk-backend-api-OAS:
        sourceNamespace: clerk-openapi
        sourceRevisionDigest: sha256:073f6376addb70724124175926cb1ecaef3f69704aaf994945f658d5602f44d3
        sourceBlobDigest: sha256:74e7f7e3b1353e754bcc42733c2c3609f83e3d3e7305deae0b5bfeb8db44376f
        tags:
            - latest
            - speakeasy-sdk-regen-1733789165
            - v1
targets:
    clerk-backend-api:
        source: clerk-backend-api-OAS
        sourceNamespace: clerk-openapi
        sourceRevisionDigest: sha256:073f6376addb70724124175926cb1ecaef3f69704aaf994945f658d5602f44d3
        sourceBlobDigest: sha256:74e7f7e3b1353e754bcc42733c2c3609f83e3d3e7305deae0b5bfeb8db44376f
        codeSamplesNamespace: clerk-backend-api-oas-csharp-code-samples
        codeSamplesRevisionDigest: sha256:202bca6b7d9c44375a520cb9e566c8b34e95f4765f6556e4ce6ef649e8c3120b
workflow:
    workflowVersion: 1.0.0
    speakeasyVersion: latest
    sources:
        clerk-backend-api-OAS:
            inputs:
                - location: https://raw.githubusercontent.com/clerk/openapi-specs/refs/heads/main/bapi/2024-10-01.yml
            overlays:
                - location: .speakeasy/speakeasy-modifications-overlay.yaml
                - location: ./fixes.yaml
                - location: ./examples.yaml
            registry:
                location: registry.speakeasyapi.dev/clerk/clerk/clerk-openapi
    targets:
        clerk-backend-api:
            target: csharp
            source: clerk-backend-api-OAS
            publish:
                nuget:
                    apiKey: $nuget_api_key
            codeSamples:
                registry:
                    location: registry.speakeasyapi.dev/clerk/clerk/clerk-backend-api-oas-csharp-code-samples
                blocking: false
