speakeasyVersion: 1.796.4
sources:
    clerk-backend-api-OAS:
        sourceNamespace: clerk-openapi
        sourceRevisionDigest: sha256:0f759a66c477d4e5349b1df51f607c07f5724060383af1e4247227d8f62d0b90
        sourceBlobDigest: sha256:5749b8b5f5e17007b03b10db39bd73ac3e27ddc9635129a1f739bf93c55b0942
        tags:
            - latest
            - "2026-05-12"
targets:
    clerk-backend-api:
        source: clerk-backend-api-OAS
        sourceNamespace: clerk-openapi
        sourceRevisionDigest: sha256:0f759a66c477d4e5349b1df51f607c07f5724060383af1e4247227d8f62d0b90
        sourceBlobDigest: sha256:5749b8b5f5e17007b03b10db39bd73ac3e27ddc9635129a1f739bf93c55b0942
        codeSamplesNamespace: clerk-backend-api-oas-csharp-code-samples
        codeSamplesRevisionDigest: sha256:b8358240c151b79a69c4aa58ff0f111ea7d1745b682c624851b6a667ed673b97
workflow:
    workflowVersion: 1.0.0
    speakeasyVersion: latest
    sources:
        clerk-backend-api-OAS:
            inputs:
                - location: https://raw.githubusercontent.com/clerk/openapi-specs/refs/heads/main/bapi/2026-05-12.yml
            overlays:
                - location: ./examples.yaml
                - location: https://raw.githubusercontent.com/clerk/openapi-specs/refs/heads/main/.speakeasy/bapi/fixes.yml
            registry:
                location: registry.speakeasyapi.dev/clerk/clerk/clerk-openapi
    targets:
        clerk-backend-api:
            target: csharp
            source: clerk-backend-api-OAS
            publish:
                nuget:
                    apiKey: $nuget_api_key
            codeSamples:
                registry:
                    location: registry.speakeasyapi.dev/clerk/clerk/clerk-backend-api-oas-csharp-code-samples
                blocking: false
